<?xml version="1.0" encoding="UTF-8"?>
<Project ToolsVersion="14.0" xmlns="http://schemas.microsoft.com/developer/msbuild/2003">
  <ItemGroup>
    <CustomBuild Include="C:\Users\Enrique\Desktop\cmake\CMakeFiles\0a69769eedc9bb8b2ced8a4f6ce24c81\RUN_TESTS_force.rule">
      <Filter>CMake Rules</Filter>
    </CustomBuild>
  </ItemGroup>
  <ItemGroup>
    <Filter Include="CMake Rules">
      <UniqueIdentifier>{F6B25E22-6C94-3C81-B300-FB2AD4AEE950}</UniqueIdentifier>
    </Filter>
  </ItemGroup>
</Project>
