<?xml version="1.0" encoding="utf-8"?>
<Project ToolsVersion="4.0" xmlns="http://schemas.microsoft.com/developer/msbuild/2003">
  <ItemGroup>
    <Filter Include="Archivos de código fuente">
      <UniqueIdentifier>{4FC737F1-C7A5-4376-A066-2A32D752A2FF}</UniqueIdentifier>
      <Extensions>cpp;c;cc;cxx;def;odl;idl;hpj;bat;asm;asmx</Extensions>
    </Filter>
    <Filter Include="Archivos de encabezado">
      <UniqueIdentifier>{93995380-89BD-4b04-88EB-625FBE52EBFB}</UniqueIdentifier>
      <Extensions>h;hh;hpp;hxx;hm;inl;inc;xsd</Extensions>
    </Filter>
    <Filter Include="Archivos de recursos">
      <UniqueIdentifier>{67DA6AB6-F800-4c08-8B7A-83BB121AAD01}</UniqueIdentifier>
      <Extensions>rc;ico;cur;bmp;dlg;rc2;rct;bin;rgs;gif;jpg;jpeg;jpe;resx;tiff;tif;png;wav;mfcribbon-ms</Extensions>
    </Filter>
    <Filter Include="Archivos de código fuente\Nodes">
      <UniqueIdentifier>{640bd803-3fdf-490d-80c2-5722a230d926}</UniqueIdentifier>
    </Filter>
    <Filter Include="Archivos de encabezado\Nodes">
      <UniqueIdentifier>{03499c56-6c34-4185-b4be-f3022bacef4d}</UniqueIdentifier>
    </Filter>
    <Filter Include="Archivos de encabezado\Otros">
      <UniqueIdentifier>{e3a9297c-7726-415a-9507-46814b7a4c7a}</UniqueIdentifier>
    </Filter>
    <Filter Include="Archivos de código fuente\GUI">
      <UniqueIdentifier>{78952751-1983-43a0-ba5d-8d7d1d941e9b}</UniqueIdentifier>
    </Filter>
    <Filter Include="Archivos de encabezado\GUI">
      <UniqueIdentifier>{630a3016-f4fe-4e92-841a-53fa9c27a2fc}</UniqueIdentifier>
    </Filter>
  </ItemGroup>
  <ItemGroup>
    <ClCompile Include="main.cpp">
      <Filter>Archivos de código fuente</Filter>
    </ClCompile>
    <ClCompile Include="TEntity.cpp">
      <Filter>Archivos de código fuente</Filter>
    </ClCompile>
    <ClCompile Include="TTransform.cpp">
      <Filter>Archivos de código fuente</Filter>
    </ClCompile>
    <ClCompile Include="TSpotLight.cpp">
      <Filter>Archivos de código fuente</Filter>
    </ClCompile>
    <ClCompile Include="TCamera.cpp">
      <Filter>Archivos de código fuente</Filter>
    </ClCompile>
    <ClCompile Include="TMesh.cpp">
      <Filter>Archivos de código fuente</Filter>
    </ClCompile>
    <ClCompile Include="ResourceManager.cpp">
      <Filter>Archivos de código fuente</Filter>
    </ClCompile>
    <ClCompile Include="SceneManager.cpp">
      <Filter>Archivos de código fuente</Filter>
    </ClCompile>
    <ClCompile Include="EngineDevice.cpp">
      <Filter>Archivos de código fuente</Filter>
    </ClCompile>
    <ClCompile Include="TModel.cpp">
      <Filter>Archivos de código fuente</Filter>
    </ClCompile>
    <ClCompile Include="TNode.cpp">
      <Filter>Archivos de código fuente\Nodes</Filter>
    </ClCompile>
    <ClCompile Include="TMeshNode.cpp">
      <Filter>Archivos de código fuente\Nodes</Filter>
    </ClCompile>
    <ClCompile Include="TCameraNode.cpp">
      <Filter>Archivos de código fuente\Nodes</Filter>
    </ClCompile>
    <ClCompile Include="TLightNode.cpp">
      <Filter>Archivos de código fuente\Nodes</Filter>
    </ClCompile>
    <ClCompile Include="Input.cpp">
      <Filter>Archivos de código fuente</Filter>
    </ClCompile>
    <ClCompile Include="Texture.cpp">
      <Filter>Archivos de código fuente</Filter>
    </ClCompile>
    <ClCompile Include="GUI\DebugMenuGUI.cpp">
      <Filter>Archivos de código fuente\GUI</Filter>
    </ClCompile>
    <ClCompile Include="GUI\GUI.cpp">
      <Filter>Archivos de código fuente\GUI</Filter>
    </ClCompile>
    <ClCompile Include="GUI\GUIManager.cpp">
      <Filter>Archivos de código fuente\GUI</Filter>
    </ClCompile>
    <ClCompile Include="Billboard.cpp">
      <Filter>Archivos de código fuente\GUI</Filter>
    </ClCompile>
  </ItemGroup>
  <ItemGroup>
    <ClInclude Include="TEntity.h">
      <Filter>Archivos de encabezado</Filter>
    </ClInclude>
    <ClInclude Include="TTransform.h">
      <Filter>Archivos de encabezado</Filter>
    </ClInclude>
    <ClInclude Include="TSpotLight.h">
      <Filter>Archivos de encabezado</Filter>
    </ClInclude>
    <ClInclude Include="TCamera.h">
      <Filter>Archivos de encabezado</Filter>
    </ClInclude>
    <ClInclude Include="TMesh.h">
      <Filter>Archivos de encabezado</Filter>
    </ClInclude>
    <ClInclude Include="Shader.h">
      <Filter>Archivos de encabezado</Filter>
    </ClInclude>
    <ClInclude Include="ResourceManager.h">
      <Filter>Archivos de encabezado</Filter>
    </ClInclude>
    <ClInclude Include="SceneManager.h">
      <Filter>Archivos de encabezado</Filter>
    </ClInclude>
    <ClInclude Include="EngineDevice.h">
      <Filter>Archivos de encabezado</Filter>
    </ClInclude>
    <ClInclude Include="TModel.h">
      <Filter>Archivos de encabezado</Filter>
    </ClInclude>
    <ClInclude Include="Camera.h">
      <Filter>Archivos de encabezado</Filter>
    </ClInclude>
    <ClInclude Include="TNode.h">
      <Filter>Archivos de encabezado\Nodes</Filter>
    </ClInclude>
    <ClInclude Include="TMeshNode.h">
      <Filter>Archivos de encabezado\Nodes</Filter>
    </ClInclude>
    <ClInclude Include="TCameraNode.h">
      <Filter>Archivos de encabezado\Nodes</Filter>
    </ClInclude>
    <ClInclude Include="TLightNode.h">
      <Filter>Archivos de encabezado\Nodes</Filter>
    </ClInclude>
    <ClInclude Include="vec3.hpp">
      <Filter>Archivos de encabezado\Otros</Filter>
    </ClInclude>
    <ClInclude Include="Input.h">
      <Filter>Archivos de encabezado</Filter>
    </ClInclude>
    <ClInclude Include="Texture.h">
      <Filter>Archivos de encabezado</Filter>
    </ClInclude>
    <ClInclude Include="GUI\DebugMenuGUI.h">
      <Filter>Archivos de encabezado\GUI</Filter>
    </ClInclude>
    <ClInclude Include="GUI\GUI.h">
      <Filter>Archivos de encabezado\GUI</Filter>
    </ClInclude>
    <ClInclude Include="GUI\GUIManager.h">
      <Filter>Archivos de encabezado\GUI</Filter>
    </ClInclude>
    <ClInclude Include="Billboard.h">
      <Filter>Archivos de encabezado\GUI</Filter>
    </ClInclude>
  </ItemGroup>
</Project>