<?xml version="1.0" encoding="utf-8"?>
<Project ToolsVersion="4.0" xmlns="http://schemas.microsoft.com/developer/msbuild/2003">
  <ItemGroup>
    <ClCompile Include="AnimationMesh.cpp" />
    <ClCompile Include="AnimationReader.cpp" />
    <ClCompile Include="Clock.cpp" />
    <ClCompile Include="EngineDevice.cpp" />
    <ClCompile Include="Input.cpp" />
    <ClCompile Include="main.cpp" />
    <ClCompile Include="ResourceManager.cpp" />
    <ClCompile Include="SceneManager.cpp" />
    <ClCompile Include="Shader.cpp" />
    <ClCompile Include="TAnimation.cpp" />
    <ClCompile Include="TAnimationGroupMesh.cpp" />
    <ClCompile Include="TBillboard.cpp" />
    <ClCompile Include="TCamera.cpp" />
    <ClCompile Include="TEntity.cpp" />
    <ClCompile Include="Texture.cpp" />
    <ClCompile Include="TFlashLight.cpp" />
    <ClCompile Include="Time.cpp" />
    <ClCompile Include="TLuz.cpp" />
    <ClCompile Include="TMesh.cpp" />
    <ClCompile Include="TMeshGroup.cpp" />
    <ClCompile Include="TModel.cpp" />
    <ClCompile Include="TModelEstatico.cpp" />
    <ClCompile Include="TNode.cpp" />
    <ClCompile Include="TPointLight.cpp" />
    <ClCompile Include="TSunLight.cpp" />
    <ClCompile Include="TTransform.cpp" />
    <ClCompile Include="Win32\ClockImpl.cpp" />
  </ItemGroup>
  <ItemGroup>
    <ClInclude Include="AnimationMesh.h" />
    <ClInclude Include="AnimationReader.h" />
    <ClInclude Include="Clock.hpp" />
    <ClInclude Include="EngineDevice.h" />
    <ClInclude Include="Input.h" />
    <ClInclude Include="ResourceManager.h" />
    <ClInclude Include="SceneManager.h" />
    <ClInclude Include="Shader.h" />
    <ClInclude Include="TAnimation.h" />
    <ClInclude Include="TAnimationGroupMesh.h" />
    <ClInclude Include="TBillboard.h" />
    <ClInclude Include="TCamera.h" />
    <ClInclude Include="TEntity.h" />
    <ClInclude Include="Texture.h" />
    <ClInclude Include="TFlashLight.h" />
    <ClInclude Include="Time.hpp" />
    <ClInclude Include="TLuz.h" />
    <ClInclude Include="TMesh.h" />
    <ClInclude Include="TMeshGroup.h" />
    <ClInclude Include="TModel.h" />
    <ClInclude Include="TModelEstatico.h" />
    <ClInclude Include="TNode.h" />
    <ClInclude Include="TPointLight.h" />
    <ClInclude Include="TSunLight.h" />
    <ClInclude Include="TTransform.h" />
    <ClInclude Include="vec3.hpp" />
    <ClInclude Include="Win32\ClockImpl.hpp" />
  </ItemGroup>
</Project>